// !$*UTF8*$!
{
	archiveVersion = 1;
	classes = {
	};
	objectVersion = 50;
	objects = {

/* Begin PBXBuildFile section */
		0AEFF38D9E585FC6EEC412AA /* Pods_frumpyUITests.framework in Frameworks */ = {isa = PBXBuildFile; fileRef = 9D89612F443ABAA4D71E93C6 /* Pods_frumpyUITests.framework */; };
		14AB9AFB2167A26800EEB861 /* RandomFunction.swift in Sources */ = {isa = PBXBuildFile; fileRef = 14AB9AFA2167A26800EEB861 /* RandomFunction.swift */; };
		773C16E32164B9C8003A6814 /* Frog.swift in Sources */ = {isa = PBXBuildFile; fileRef = 773C16E22164B9C8003A6814 /* Frog.swift */; };
		773C16E52164B9D6003A6814 /* FrogController.swift in Sources */ = {isa = PBXBuildFile; fileRef = 773C16E42164B9D6003A6814 /* FrogController.swift */; };
		773C16E72164B9E7003A6814 /* Leaf.swift in Sources */ = {isa = PBXBuildFile; fileRef = 773C16E62164B9E7003A6814 /* Leaf.swift */; };
		773C16E92164B9F2003A6814 /* LeafController.swift in Sources */ = {isa = PBXBuildFile; fileRef = 773C16E82164B9F2003A6814 /* LeafController.swift */; };
		773C16EB2164BA06003A6814 /* Tree.swift in Sources */ = {isa = PBXBuildFile; fileRef = 773C16EA2164BA06003A6814 /* Tree.swift */; };
		773C16ED2164BA0F003A6814 /* TreeController.swift in Sources */ = {isa = PBXBuildFile; fileRef = 773C16EC2164BA0F003A6814 /* TreeController.swift */; };
		773C16EF2164BA21003A6814 /* Background.swift in Sources */ = {isa = PBXBuildFile; fileRef = 773C16EE2164BA21003A6814 /* Background.swift */; };
		773C16F12164BA36003A6814 /* Settings.swift in Sources */ = {isa = PBXBuildFile; fileRef = 773C16F02164BA36003A6814 /* Settings.swift */; };
		773C16F32164BA42003A6814 /* Leaderboard.swift in Sources */ = {isa = PBXBuildFile; fileRef = 773C16F22164BA42003A6814 /* Leaderboard.swift */; };
		77C1BFCC21676AD2002DDECD /* Collision.swift in Sources */ = {isa = PBXBuildFile; fileRef = 77C1BFCB21676AD2002DDECD /* Collision.swift */; };
		77D6542421761FF80013595A /* Rain.sks in Resources */ = {isa = PBXBuildFile; fileRef = 77D6542221761FF80013595A /* Rain.sks */; };
		77D6542521761FF80013595A /* Assets.xcassets in Resources */ = {isa = PBXBuildFile; fileRef = 77D6542321761FF80013595A /* Assets.xcassets */; };
		77D65427217623BD0013595A /* ForegroundRain.sks in Resources */ = {isa = PBXBuildFile; fileRef = 77D65426217623BD0013595A /* ForegroundRain.sks */; };
		77D654292176265B0013595A /* BackgroundLeaf.sks in Resources */ = {isa = PBXBuildFile; fileRef = 77D654282176265B0013595A /* BackgroundLeaf.sks */; };
		77D6542B21762BCD0013595A /* BackgroundLeaf2.sks in Resources */ = {isa = PBXBuildFile; fileRef = 77D6542A21762BCD0013595A /* BackgroundLeaf2.sks */; };
		77D6542D21762BE50013595A /* BackgroundLeaf3.sks in Resources */ = {isa = PBXBuildFile; fileRef = 77D6542C21762BE50013595A /* BackgroundLeaf3.sks */; };
		9784160F1E1B76A40FF72286 /* Pods_frumpyTests.framework in Frameworks */ = {isa = PBXBuildFile; fileRef = 2F2DD08D721B2B9F9CEAD9F8 /* Pods_frumpyTests.framework */; };
		C265CAAD2CD72C045E8C49A6 /* Pods_frumpy.framework in Frameworks */ = {isa = PBXBuildFile; fileRef = 2C03711F3D142C4246E64319 /* Pods_frumpy.framework */; };
		DD43360E216CCA6C00B1DD3F /* FrogAnimations.swift in Sources */ = {isa = PBXBuildFile; fileRef = DD43360C216CCA6C00B1DD3F /* FrogAnimations.swift */; };
		DD43360F216CCA6C00B1DD3F /* FrogAnimations.atlasc in Resources */ = {isa = PBXBuildFile; fileRef = DD43360D216CCA6C00B1DD3F /* FrogAnimations.atlasc */; };
		DD522F55217216A800EE002A /* WaterLayer.swift in Sources */ = {isa = PBXBuildFile; fileRef = DD522F54217216A800EE002A /* WaterLayer.swift */; };
		DD522F5721721AF400EE002A /* WaterController.swift in Sources */ = {isa = PBXBuildFile; fileRef = DD522F5621721AF400EE002A /* WaterController.swift */; };
		DD522F5D21776EA100EE002A /* drag_tutorial.atlasc in Resources */ = {isa = PBXBuildFile; fileRef = DD522F5C21776EA100EE002A /* drag_tutorial.atlasc */; };
		DD5C3F142162141A0088CE4A /* AppDelegate.swift in Sources */ = {isa = PBXBuildFile; fileRef = DD5C3F132162141A0088CE4A /* AppDelegate.swift */; };
		DD5C3F1A2162141B0088CE4A /* GameScene.swift in Sources */ = {isa = PBXBuildFile; fileRef = DD5C3F192162141B0088CE4A /* GameScene.swift */; };
		DD5C3F1C2162141B0088CE4A /* GameViewController.swift in Sources */ = {isa = PBXBuildFile; fileRef = DD5C3F1B2162141B0088CE4A /* GameViewController.swift */; };
		DD5C3F1F2162141B0088CE4A /* Main.storyboard in Resources */ = {isa = PBXBuildFile; fileRef = DD5C3F1D2162141B0088CE4A /* Main.storyboard */; };
		DD5C3F242162141D0088CE4A /* LaunchScreen.storyboard in Resources */ = {isa = PBXBuildFile; fileRef = DD5C3F222162141D0088CE4A /* LaunchScreen.storyboard */; };
		DD5C3F2F2162141D0088CE4A /* frumpyTests.swift in Sources */ = {isa = PBXBuildFile; fileRef = DD5C3F2E2162141D0088CE4A /* frumpyTests.swift */; };
		DD5C3F3A2162141D0088CE4A /* frumpyUITests.swift in Sources */ = {isa = PBXBuildFile; fileRef = DD5C3F392162141D0088CE4A /* frumpyUITests.swift */; };
/* End PBXBuildFile section */

/* Begin PBXContainerItemProxy section */
		DD5C3F2B2162141D0088CE4A /* PBXContainerItemProxy */ = {
			isa = PBXContainerItemProxy;
			containerPortal = DD5C3F082162141A0088CE4A /* Project object */;
			proxyType = 1;
			remoteGlobalIDString = DD5C3F0F2162141A0088CE4A;
			remoteInfo = frumpy;
		};
		DD5C3F362162141D0088CE4A /* PBXContainerItemProxy */ = {
			isa = PBXContainerItemProxy;
			containerPortal = DD5C3F082162141A0088CE4A /* Project object */;
			proxyType = 1;
			remoteGlobalIDString = DD5C3F0F2162141A0088CE4A;
			remoteInfo = frumpy;
		};
/* End PBXContainerItemProxy section */

/* Begin PBXFileReference section */
		0A2F0A6808FB13C3A6F8C341 /* Pods-frumpyUITests.release.xcconfig */ = {isa = PBXFileReference; includeInIndex = 1; lastKnownFileType = text.xcconfig; name = "Pods-frumpyUITests.release.xcconfig"; path = "Pods/Target Support Files/Pods-frumpyUITests/Pods-frumpyUITests.release.xcconfig"; sourceTree = "<group>"; };
		14AB9AFA2167A26800EEB861 /* RandomFunction.swift */ = {isa = PBXFileReference; lastKnownFileType = sourcecode.swift; path = RandomFunction.swift; sourceTree = "<group>"; };
		1639BE06A00C75E17F4100E5 /* Pods-frumpyTests.release.xcconfig */ = {isa = PBXFileReference; includeInIndex = 1; lastKnownFileType = text.xcconfig; name = "Pods-frumpyTests.release.xcconfig"; path = "Pods/Target Support Files/Pods-frumpyTests/Pods-frumpyTests.release.xcconfig"; sourceTree = "<group>"; };
		2C03711F3D142C4246E64319 /* Pods_frumpy.framework */ = {isa = PBXFileReference; explicitFileType = wrapper.framework; includeInIndex = 0; path = Pods_frumpy.framework; sourceTree = BUILT_PRODUCTS_DIR; };
		2F2DD08D721B2B9F9CEAD9F8 /* Pods_frumpyTests.framework */ = {isa = PBXFileReference; explicitFileType = wrapper.framework; includeInIndex = 0; path = Pods_frumpyTests.framework; sourceTree = BUILT_PRODUCTS_DIR; };
		700B5DE1305A55660A979560 /* Pods-frumpy.debug.xcconfig */ = {isa = PBXFileReference; includeInIndex = 1; lastKnownFileType = text.xcconfig; name = "Pods-frumpy.debug.xcconfig"; path = "Pods/Target Support Files/Pods-frumpy/Pods-frumpy.debug.xcconfig"; sourceTree = "<group>"; };
		773C16E22164B9C8003A6814 /* Frog.swift */ = {isa = PBXFileReference; lastKnownFileType = sourcecode.swift; path = Frog.swift; sourceTree = "<group>"; };
		773C16E42164B9D6003A6814 /* FrogController.swift */ = {isa = PBXFileReference; lastKnownFileType = sourcecode.swift; path = FrogController.swift; sourceTree = "<group>"; };
		773C16E62164B9E7003A6814 /* Leaf.swift */ = {isa = PBXFileReference; lastKnownFileType = sourcecode.swift; path = Leaf.swift; sourceTree = "<group>"; };
		773C16E82164B9F2003A6814 /* LeafController.swift */ = {isa = PBXFileReference; lastKnownFileType = sourcecode.swift; path = LeafController.swift; sourceTree = "<group>"; };
		773C16EA2164BA06003A6814 /* Tree.swift */ = {isa = PBXFileReference; lastKnownFileType = sourcecode.swift; path = Tree.swift; sourceTree = "<group>"; };
		773C16EC2164BA0F003A6814 /* TreeController.swift */ = {isa = PBXFileReference; lastKnownFileType = sourcecode.swift; path = TreeController.swift; sourceTree = "<group>"; };
		773C16EE2164BA21003A6814 /* Background.swift */ = {isa = PBXFileReference; lastKnownFileType = sourcecode.swift; path = Background.swift; sourceTree = "<group>"; };
		773C16F02164BA36003A6814 /* Settings.swift */ = {isa = PBXFileReference; lastKnownFileType = sourcecode.swift; path = Settings.swift; sourceTree = "<group>"; };
		773C16F22164BA42003A6814 /* Leaderboard.swift */ = {isa = PBXFileReference; lastKnownFileType = sourcecode.swift; path = Leaderboard.swift; sourceTree = "<group>"; };
		77C1BFCB21676AD2002DDECD /* Collision.swift */ = {isa = PBXFileReference; lastKnownFileType = sourcecode.swift; path = Collision.swift; sourceTree = "<group>"; };
		77D6542221761FF80013595A /* Rain.sks */ = {isa = PBXFileReference; lastKnownFileType = file.sks; path = Rain.sks; sourceTree = "<group>"; };
		77D6542321761FF80013595A /* Assets.xcassets */ = {isa = PBXFileReference; lastKnownFileType = folder.assetcatalog; path = Assets.xcassets; sourceTree = "<group>"; };
		77D65426217623BD0013595A /* ForegroundRain.sks */ = {isa = PBXFileReference; lastKnownFileType = file.sks; path = ForegroundRain.sks; sourceTree = "<group>"; };
		77D654282176265B0013595A /* BackgroundLeaf.sks */ = {isa = PBXFileReference; lastKnownFileType = file.sks; path = BackgroundLeaf.sks; sourceTree = "<group>"; };
		77D6542A21762BCD0013595A /* BackgroundLeaf2.sks */ = {isa = PBXFileReference; lastKnownFileType = file.sks; path = BackgroundLeaf2.sks; sourceTree = "<group>"; };
		77D6542C21762BE50013595A /* BackgroundLeaf3.sks */ = {isa = PBXFileReference; lastKnownFileType = file.sks; path = BackgroundLeaf3.sks; sourceTree = "<group>"; };
		9D89612F443ABAA4D71E93C6 /* Pods_frumpyUITests.framework */ = {isa = PBXFileReference; explicitFileType = wrapper.framework; includeInIndex = 0; path = Pods_frumpyUITests.framework; sourceTree = BUILT_PRODUCTS_DIR; };
		A8A7DBFD40046BC50BF8F28D /* Pods-frumpyTests.debug.xcconfig */ = {isa = PBXFileReference; includeInIndex = 1; lastKnownFileType = text.xcconfig; name = "Pods-frumpyTests.debug.xcconfig"; path = "Pods/Target Support Files/Pods-frumpyTests/Pods-frumpyTests.debug.xcconfig"; sourceTree = "<group>"; };
		D813F0E3D6E5C02AD284E305 /* Pods-frumpy.release.xcconfig */ = {isa = PBXFileReference; includeInIndex = 1; lastKnownFileType = text.xcconfig; name = "Pods-frumpy.release.xcconfig"; path = "Pods/Target Support Files/Pods-frumpy/Pods-frumpy.release.xcconfig"; sourceTree = "<group>"; };
		DA29BA99588CB5044FBAA64D /* Pods-frumpyUITests.debug.xcconfig */ = {isa = PBXFileReference; includeInIndex = 1; lastKnownFileType = text.xcconfig; name = "Pods-frumpyUITests.debug.xcconfig"; path = "Pods/Target Support Files/Pods-frumpyUITests/Pods-frumpyUITests.debug.xcconfig"; sourceTree = "<group>"; };
		DD43360C216CCA6C00B1DD3F /* FrogAnimations.swift */ = {isa = PBXFileReference; fileEncoding = 4; lastKnownFileType = sourcecode.swift; path = FrogAnimations.swift; sourceTree = "<group>"; };
		DD43360D216CCA6C00B1DD3F /* FrogAnimations.atlasc */ = {isa = PBXFileReference; lastKnownFileType = folder; path = FrogAnimations.atlasc; sourceTree = "<group>"; };
		DD522F54217216A800EE002A /* WaterLayer.swift */ = {isa = PBXFileReference; lastKnownFileType = sourcecode.swift; path = WaterLayer.swift; sourceTree = "<group>"; };
		DD522F5621721AF400EE002A /* WaterController.swift */ = {isa = PBXFileReference; lastKnownFileType = sourcecode.swift; path = WaterController.swift; sourceTree = "<group>"; };
		DD522F5C21776EA100EE002A /* drag_tutorial.atlasc */ = {isa = PBXFileReference; lastKnownFileType = folder; name = drag_tutorial.atlasc; path = ../../../Desktop/drag_tutorial.atlasc; sourceTree = "<group>"; };
		DD5C3F102162141A0088CE4A /* frumpy.app */ = {isa = PBXFileReference; explicitFileType = wrapper.application; includeInIndex = 0; path = frumpy.app; sourceTree = BUILT_PRODUCTS_DIR; };
		DD5C3F132162141A0088CE4A /* AppDelegate.swift */ = {isa = PBXFileReference; lastKnownFileType = sourcecode.swift; path = AppDelegate.swift; sourceTree = "<group>"; };
		DD5C3F192162141B0088CE4A /* GameScene.swift */ = {isa = PBXFileReference; lastKnownFileType = sourcecode.swift; path = GameScene.swift; sourceTree = "<group>"; };
		DD5C3F1B2162141B0088CE4A /* GameViewController.swift */ = {isa = PBXFileReference; lastKnownFileType = sourcecode.swift; path = GameViewController.swift; sourceTree = "<group>"; };
		DD5C3F1E2162141B0088CE4A /* Base */ = {isa = PBXFileReference; lastKnownFileType = file.storyboard; name = Base; path = Base.lproj/Main.storyboard; sourceTree = "<group>"; };
		DD5C3F232162141D0088CE4A /* Base */ = {isa = PBXFileReference; lastKnownFileType = file.storyboard; name = Base; path = Base.lproj/LaunchScreen.storyboard; sourceTree = "<group>"; };
		DD5C3F252162141D0088CE4A /* Info.plist */ = {isa = PBXFileReference; lastKnownFileType = text.plist.xml; path = Info.plist; sourceTree = "<group>"; };
		DD5C3F2A2162141D0088CE4A /* frumpyTests.xctest */ = {isa = PBXFileReference; explicitFileType = wrapper.cfbundle; includeInIndex = 0; path = frumpyTests.xctest; sourceTree = BUILT_PRODUCTS_DIR; };
		DD5C3F2E2162141D0088CE4A /* frumpyTests.swift */ = {isa = PBXFileReference; lastKnownFileType = sourcecode.swift; path = frumpyTests.swift; sourceTree = "<group>"; };
		DD5C3F302162141D0088CE4A /* Info.plist */ = {isa = PBXFileReference; lastKnownFileType = text.plist.xml; path = Info.plist; sourceTree = "<group>"; };
		DD5C3F352162141D0088CE4A /* frumpyUITests.xctest */ = {isa = PBXFileReference; explicitFileType = wrapper.cfbundle; includeInIndex = 0; path = frumpyUITests.xctest; sourceTree = BUILT_PRODUCTS_DIR; };
		DD5C3F392162141D0088CE4A /* frumpyUITests.swift */ = {isa = PBXFileReference; lastKnownFileType = sourcecode.swift; path = frumpyUITests.swift; sourceTree = "<group>"; };
		DD5C3F3B2162141D0088CE4A /* Info.plist */ = {isa = PBXFileReference; lastKnownFileType = text.plist.xml; path = Info.plist; sourceTree = "<group>"; };
/* End PBXFileReference section */

/* Begin PBXFrameworksBuildPhase section */
		DD5C3F0D2162141A0088CE4A /* Frameworks */ = {
			isa = PBXFrameworksBuildPhase;
			buildActionMask = 2147483647;
			files = (
				C265CAAD2CD72C045E8C49A6 /* Pods_frumpy.framework in Frameworks */,
			);
			runOnlyForDeploymentPostprocessing = 0;
		};
		DD5C3F272162141D0088CE4A /* Frameworks */ = {
			isa = PBXFrameworksBuildPhase;
			buildActionMask = 2147483647;
			files = (
				9784160F1E1B76A40FF72286 /* Pods_frumpyTests.framework in Frameworks */,
			);
			runOnlyForDeploymentPostprocessing = 0;
		};
		DD5C3F322162141D0088CE4A /* Frameworks */ = {
			isa = PBXFrameworksBuildPhase;
			buildActionMask = 2147483647;
			files = (
				0AEFF38D9E585FC6EEC412AA /* Pods_frumpyUITests.framework in Frameworks */,
			);
			runOnlyForDeploymentPostprocessing = 0;
		};
/* End PBXFrameworksBuildPhase section */

/* Begin PBXGroup section */
		773C16DC2164B82A003A6814 /* Controllers */ = {
			isa = PBXGroup;
			children = (
				DD5C3F1B2162141B0088CE4A /* GameViewController.swift */,
				773C16E42164B9D6003A6814 /* FrogController.swift */,
				773C16E82164B9F2003A6814 /* LeafController.swift */,
				773C16EC2164BA0F003A6814 /* TreeController.swift */,
				14AB9AFA2167A26800EEB861 /* RandomFunction.swift */,
				DD522F5621721AF400EE002A /* WaterController.swift */,
			);
			path = Controllers;
			sourceTree = "<group>";
		};
		773C16DD2164B833003A6814 /* Views */ = {
			isa = PBXGroup;
			children = (
				773C16EE2164BA21003A6814 /* Background.swift */,
				773C16F02164BA36003A6814 /* Settings.swift */,
				773C16F22164BA42003A6814 /* Leaderboard.swift */,
			);
			path = Views;
			sourceTree = "<group>";
		};
		773C16DE2164B83A003A6814 /* Models */ = {
			isa = PBXGroup;
			children = (
				773C16E22164B9C8003A6814 /* Frog.swift */,
				773C16E62164B9E7003A6814 /* Leaf.swift */,
				773C16EA2164BA06003A6814 /* Tree.swift */,
				DD522F54217216A800EE002A /* WaterLayer.swift */,
			);
			path = Models;
			sourceTree = "<group>";
		};
		77C1BFCA21676AC8002DDECD /* Helpers */ = {
			isa = PBXGroup;
			children = (
				77C1BFCB21676AD2002DDECD /* Collision.swift */,
			);
			path = Helpers;
			sourceTree = "<group>";
		};
		AAD325A742277FB4F924E696 /* Pods */ = {
			isa = PBXGroup;
			children = (
				700B5DE1305A55660A979560 /* Pods-frumpy.debug.xcconfig */,
				D813F0E3D6E5C02AD284E305 /* Pods-frumpy.release.xcconfig */,
				A8A7DBFD40046BC50BF8F28D /* Pods-frumpyTests.debug.xcconfig */,
				1639BE06A00C75E17F4100E5 /* Pods-frumpyTests.release.xcconfig */,
				DA29BA99588CB5044FBAA64D /* Pods-frumpyUITests.debug.xcconfig */,
				0A2F0A6808FB13C3A6F8C341 /* Pods-frumpyUITests.release.xcconfig */,
			);
			name = Pods;
			sourceTree = "<group>";
		};
		DD522F5E2177776900EE002A /* Scenes */ = {
			isa = PBXGroup;
			children = (
			);
			path = Scenes;
			sourceTree = "<group>";
		};
		DD5C3F072162141A0088CE4A = {
			isa = PBXGroup;
			children = (
				DD5C3F122162141A0088CE4A /* frumpy */,
				DD5C3F2D2162141D0088CE4A /* frumpyTests */,
				DD5C3F382162141D0088CE4A /* frumpyUITests */,
				DD5C3F112162141A0088CE4A /* Products */,
				AAD325A742277FB4F924E696 /* Pods */,
				DF0878836CE5BD16B2D6FB5F /* Frameworks */,
			);
			indentWidth = 2;
			sourceTree = "<group>";
			tabWidth = 2;
		};
		DD5C3F112162141A0088CE4A /* Products */ = {
			isa = PBXGroup;
			children = (
				DD5C3F102162141A0088CE4A /* frumpy.app */,
				DD5C3F2A2162141D0088CE4A /* frumpyTests.xctest */,
				DD5C3F352162141D0088CE4A /* frumpyUITests.xctest */,
			);
			name = Products;
			sourceTree = "<group>";
		};
		DD5C3F122162141A0088CE4A /* frumpy */ = {
			isa = PBXGroup;
			children = (
				DD522F5E2177776900EE002A /* Scenes */,
				DD522F5C21776EA100EE002A /* drag_tutorial.atlasc */,
				DD43360D216CCA6C00B1DD3F /* FrogAnimations.atlasc */,
				DD43360C216CCA6C00B1DD3F /* FrogAnimations.swift */,
				77C1BFCA21676AC8002DDECD /* Helpers */,
				773C16DE2164B83A003A6814 /* Models */,
				773C16DD2164B833003A6814 /* Views */,
				773C16DC2164B82A003A6814 /* Controllers */,
				DD5C3F132162141A0088CE4A /* AppDelegate.swift */,
				DD5C3F192162141B0088CE4A /* GameScene.swift */,
				DD5C3F1D2162141B0088CE4A /* Main.storyboard */,
				DD5C3F222162141D0088CE4A /* LaunchScreen.storyboard */,
				DD5C3F252162141D0088CE4A /* Info.plist */,
				77D6542221761FF80013595A /* Rain.sks */,
				77D6542321761FF80013595A /* Assets.xcassets */,
				77D65426217623BD0013595A /* ForegroundRain.sks */,
				77D654282176265B0013595A /* BackgroundLeaf.sks */,
				77D6542A21762BCD0013595A /* BackgroundLeaf2.sks */,
				77D6542C21762BE50013595A /* BackgroundLeaf3.sks */,
			);
			path = frumpy;
			sourceTree = "<group>";
		};
		DD5C3F2D2162141D0088CE4A /* frumpyTests */ = {
			isa = PBXGroup;
			children = (
				DD5C3F2E2162141D0088CE4A /* frumpyTests.swift */,
				DD5C3F302162141D0088CE4A /* Info.plist */,
			);
			path = frumpyTests;
			sourceTree = "<group>";
		};
		DD5C3F382162141D0088CE4A /* frumpyUITests */ = {
			isa = PBXGroup;
			children = (
				DD5C3F392162141D0088CE4A /* frumpyUITests.swift */,
				DD5C3F3B2162141D0088CE4A /* Info.plist */,
			);
			path = frumpyUITests;
			sourceTree = "<group>";
		};
		DF0878836CE5BD16B2D6FB5F /* Frameworks */ = {
			isa = PBXGroup;
			children = (
				2C03711F3D142C4246E64319 /* Pods_frumpy.framework */,
				2F2DD08D721B2B9F9CEAD9F8 /* Pods_frumpyTests.framework */,
				9D89612F443ABAA4D71E93C6 /* Pods_frumpyUITests.framework */,
			);
			name = Frameworks;
			sourceTree = "<group>";
		};
/* End PBXGroup section */

/* Begin PBXNativeTarget section */
		DD5C3F0F2162141A0088CE4A /* frumpy */ = {
			isa = PBXNativeTarget;
			buildConfigurationList = DD5C3F3E2162141D0088CE4A /* Build configuration list for PBXNativeTarget "frumpy" */;
			buildPhases = (
				4A88C11FDCCB8FC29D1CD974 /* [CP] Check Pods Manifest.lock */,
				DD5C3F0C2162141A0088CE4A /* Sources */,
				DD5C3F0D2162141A0088CE4A /* Frameworks */,
				DD5C3F0E2162141A0088CE4A /* Resources */,
				C120DB4B7C8A590B809A1105 /* [CP] Embed Pods Frameworks */,
			);
			buildRules = (
			);
			dependencies = (
			);
			name = frumpy;
			productName = frumpy;
			productReference = DD5C3F102162141A0088CE4A /* frumpy.app */;
			productType = "com.apple.product-type.application";
		};
		DD5C3F292162141D0088CE4A /* frumpyTests */ = {
			isa = PBXNativeTarget;
			buildConfigurationList = DD5C3F412162141D0088CE4A /* Build configuration list for PBXNativeTarget "frumpyTests" */;
			buildPhases = (
				1ED464FB0BA961B3A336C1D5 /* [CP] Check Pods Manifest.lock */,
				DD5C3F262162141D0088CE4A /* Sources */,
				DD5C3F272162141D0088CE4A /* Frameworks */,
				DD5C3F282162141D0088CE4A /* Resources */,
			);
			buildRules = (
			);
			dependencies = (
				DD5C3F2C2162141D0088CE4A /* PBXTargetDependency */,
			);
			name = frumpyTests;
			productName = frumpyTests;
			productReference = DD5C3F2A2162141D0088CE4A /* frumpyTests.xctest */;
			productType = "com.apple.product-type.bundle.unit-test";
		};
		DD5C3F342162141D0088CE4A /* frumpyUITests */ = {
			isa = PBXNativeTarget;
			buildConfigurationList = DD5C3F442162141D0088CE4A /* Build configuration list for PBXNativeTarget "frumpyUITests" */;
			buildPhases = (
				2C2926291D1BE39B2BC2FF5D /* [CP] Check Pods Manifest.lock */,
				DD5C3F312162141D0088CE4A /* Sources */,
				DD5C3F322162141D0088CE4A /* Frameworks */,
				DD5C3F332162141D0088CE4A /* Resources */,
			);
			buildRules = (
			);
			dependencies = (
				DD5C3F372162141D0088CE4A /* PBXTargetDependency */,
			);
			name = frumpyUITests;
			productName = frumpyUITests;
			productReference = DD5C3F352162141D0088CE4A /* frumpyUITests.xctest */;
			productType = "com.apple.product-type.bundle.ui-testing";
		};
/* End PBXNativeTarget section */

/* Begin PBXProject section */
		DD5C3F082162141A0088CE4A /* Project object */ = {
			isa = PBXProject;
			attributes = {
				LastSwiftUpdateCheck = 0940;
				LastUpgradeCheck = 0940;
				ORGANIZATIONNAME = "Jonas Gustafson";
				TargetAttributes = {
					DD5C3F0F2162141A0088CE4A = {
						CreatedOnToolsVersion = 9.4.1;
					};
					DD5C3F292162141D0088CE4A = {
						CreatedOnToolsVersion = 9.4.1;
						TestTargetID = DD5C3F0F2162141A0088CE4A;
					};
					DD5C3F342162141D0088CE4A = {
						CreatedOnToolsVersion = 9.4.1;
						TestTargetID = DD5C3F0F2162141A0088CE4A;
					};
				};
			};
			buildConfigurationList = DD5C3F0B2162141A0088CE4A /* Build configuration list for PBXProject "frumpy" */;
			compatibilityVersion = "Xcode 9.3";
			developmentRegion = en;
			hasScannedForEncodings = 0;
			knownRegions = (
				en,
				Base,
			);
			mainGroup = DD5C3F072162141A0088CE4A;
			productRefGroup = DD5C3F112162141A0088CE4A /* Products */;
			projectDirPath = "";
			projectRoot = "";
			targets = (
				DD5C3F0F2162141A0088CE4A /* frumpy */,
				DD5C3F292162141D0088CE4A /* frumpyTests */,
				DD5C3F342162141D0088CE4A /* frumpyUITests */,
			);
		};
/* End PBXProject section */

/* Begin PBXResourcesBuildPhase section */
		DD5C3F0E2162141A0088CE4A /* Resources */ = {
			isa = PBXResourcesBuildPhase;
			buildActionMask = 2147483647;
			files = (
				DD5C3F1F2162141B0088CE4A /* Main.storyboard in Resources */,
				DD522F5D21776EA100EE002A /* drag_tutorial.atlasc in Resources */,
				77D654292176265B0013595A /* BackgroundLeaf.sks in Resources */,
				77D6542D21762BE50013595A /* BackgroundLeaf3.sks in Resources */,
				77D6542421761FF80013595A /* Rain.sks in Resources */,
				DD43360F216CCA6C00B1DD3F /* FrogAnimations.atlasc in Resources */,
				77D6542B21762BCD0013595A /* BackgroundLeaf2.sks in Resources */,
				DD5C3F242162141D0088CE4A /* LaunchScreen.storyboard in Resources */,
				77D65427217623BD0013595A /* ForegroundRain.sks in Resources */,
				77D6542521761FF80013595A /* Assets.xcassets in Resources */,
			);
			runOnlyForDeploymentPostprocessing = 0;
		};
		DD5C3F282162141D0088CE4A /* Resources */ = {
			isa = PBXResourcesBuildPhase;
			buildActionMask = 2147483647;
			files = (
			);
			runOnlyForDeploymentPostprocessing = 0;
		};
		DD5C3F332162141D0088CE4A /* Resources */ = {
			isa = PBXResourcesBuildPhase;
			buildActionMask = 2147483647;
			files = (
			);
			runOnlyForDeploymentPostprocessing = 0;
		};
/* End PBXResourcesBuildPhase section */

/* Begin PBXShellScriptBuildPhase section */
		1ED464FB0BA961B3A336C1D5 /* [CP] Check Pods Manifest.lock */ = {
			isa = PBXShellScriptBuildPhase;
			buildActionMask = 2147483647;
			files = (
			);
			inputPaths = (
				"${PODS_PODFILE_DIR_PATH}/Podfile.lock",
				"${PODS_ROOT}/Manifest.lock",
			);
			name = "[CP] Check Pods Manifest.lock";
			outputPaths = (
				"$(DERIVED_FILE_DIR)/Pods-frumpyTests-checkManifestLockResult.txt",
			);
			runOnlyForDeploymentPostprocessing = 0;
			shellPath = /bin/sh;
			shellScript = "diff \"${PODS_PODFILE_DIR_PATH}/Podfile.lock\" \"${PODS_ROOT}/Manifest.lock\" > /dev/null\nif [ $? != 0 ] ; then\n    # print error to STDERR\n    echo \"error: The sandbox is not in sync with the Podfile.lock. Run 'pod install' or update your CocoaPods installation.\" >&2\n    exit 1\nfi\n# This output is used by Xcode 'outputs' to avoid re-running this script phase.\necho \"SUCCESS\" > \"${SCRIPT_OUTPUT_FILE_0}\"\n";
			showEnvVarsInLog = 0;
		};
		2C2926291D1BE39B2BC2FF5D /* [CP] Check Pods Manifest.lock */ = {
			isa = PBXShellScriptBuildPhase;
			buildActionMask = 2147483647;
			files = (
			);
			inputPaths = (
				"${PODS_PODFILE_DIR_PATH}/Podfile.lock",
				"${PODS_ROOT}/Manifest.lock",
			);
			name = "[CP] Check Pods Manifest.lock";
			outputPaths = (
				"$(DERIVED_FILE_DIR)/Pods-frumpyUITests-checkManifestLockResult.txt",
			);
			runOnlyForDeploymentPostprocessing = 0;
			shellPath = /bin/sh;
			shellScript = "diff \"${PODS_PODFILE_DIR_PATH}/Podfile.lock\" \"${PODS_ROOT}/Manifest.lock\" > /dev/null\nif [ $? != 0 ] ; then\n    # print error to STDERR\n    echo \"error: The sandbox is not in sync with the Podfile.lock. Run 'pod install' or update your CocoaPods installation.\" >&2\n    exit 1\nfi\n# This output is used by Xcode 'outputs' to avoid re-running this script phase.\necho \"SUCCESS\" > \"${SCRIPT_OUTPUT_FILE_0}\"\n";
			showEnvVarsInLog = 0;
		};
		4A88C11FDCCB8FC29D1CD974 /* [CP] Check Pods Manifest.lock */ = {
			isa = PBXShellScriptBuildPhase;
			buildActionMask = 2147483647;
			files = (
			);
			inputPaths = (
				"${PODS_PODFILE_DIR_PATH}/Podfile.lock",
				"${PODS_ROOT}/Manifest.lock",
			);
			name = "[CP] Check Pods Manifest.lock";
			outputPaths = (
				"$(DERIVED_FILE_DIR)/Pods-frumpy-checkManifestLockResult.txt",
			);
			runOnlyForDeploymentPostprocessing = 0;
			shellPath = /bin/sh;
			shellScript = "diff \"${PODS_PODFILE_DIR_PATH}/Podfile.lock\" \"${PODS_ROOT}/Manifest.lock\" > /dev/null\nif [ $? != 0 ] ; then\n    # print error to STDERR\n    echo \"error: The sandbox is not in sync with the Podfile.lock. Run 'pod install' or update your CocoaPods installation.\" >&2\n    exit 1\nfi\n# This output is used by Xcode 'outputs' to avoid re-running this script phase.\necho \"SUCCESS\" > \"${SCRIPT_OUTPUT_FILE_0}\"\n";
			showEnvVarsInLog = 0;
		};
		C120DB4B7C8A590B809A1105 /* [CP] Embed Pods Frameworks */ = {
			isa = PBXShellScriptBuildPhase;
			buildActionMask = 2147483647;
			files = (
			);
			inputPaths = (
				"${SRCROOT}/Pods/Target Support Files/Pods-frumpy/Pods-frumpy-frameworks.sh",
				"${BUILT_PRODUCTS_DIR}/lottie-ios/Lottie.framework",
			);
			name = "[CP] Embed Pods Frameworks";
			outputPaths = (
				"${TARGET_BUILD_DIR}/${FRAMEWORKS_FOLDER_PATH}/Lottie.framework",
			);
			runOnlyForDeploymentPostprocessing = 0;
			shellPath = /bin/sh;
			shellScript = "\"${SRCROOT}/Pods/Target Support Files/Pods-frumpy/Pods-frumpy-frameworks.sh\"\n";
			showEnvVarsInLog = 0;
		};
/* End PBXShellScriptBuildPhase section */

/* Begin PBXSourcesBuildPhase section */
		DD5C3F0C2162141A0088CE4A /* Sources */ = {
			isa = PBXSourcesBuildPhase;
			buildActionMask = 2147483647;
			files = (
				DD43360E216CCA6C00B1DD3F /* FrogAnimations.swift in Sources */,
				DD5C3F1A2162141B0088CE4A /* GameScene.swift in Sources */,
				773C16F32164BA42003A6814 /* Leaderboard.swift in Sources */,
				773C16ED2164BA0F003A6814 /* TreeController.swift in Sources */,
				DD5C3F1C2162141B0088CE4A /* GameViewController.swift in Sources */,
				773C16E52164B9D6003A6814 /* FrogController.swift in Sources */,
				773C16E72164B9E7003A6814 /* Leaf.swift in Sources */,
				77C1BFCC21676AD2002DDECD /* Collision.swift in Sources */,
				773C16E92164B9F2003A6814 /* LeafController.swift in Sources */,
				DD522F5721721AF400EE002A /* WaterController.swift in Sources */,
				DD522F55217216A800EE002A /* WaterLayer.swift in Sources */,
				14AB9AFB2167A26800EEB861 /* RandomFunction.swift in Sources */,
				773C16EB2164BA06003A6814 /* Tree.swift in Sources */,
				DD5C3F142162141A0088CE4A /* AppDelegate.swift in Sources */,
				773C16E32164B9C8003A6814 /* Frog.swift in Sources */,
				773C16F12164BA36003A6814 /* Settings.swift in Sources */,
				773C16EF2164BA21003A6814 /* Background.swift in Sources */,
			);
			runOnlyForDeploymentPostprocessing = 0;
		};
		DD5C3F262162141D0088CE4A /* Sources */ = {
			isa = PBXSourcesBuildPhase;
			buildActionMask = 2147483647;
			files = (
				DD5C3F2F2162141D0088CE4A /* frumpyTests.swift in Sources */,
			);
			runOnlyForDeploymentPostprocessing = 0;
		};
		DD5C3F312162141D0088CE4A /* Sources */ = {
			isa = PBXSourcesBuildPhase;
			buildActionMask = 2147483647;
			files = (
				DD5C3F3A2162141D0088CE4A /* frumpyUITests.swift in Sources */,
			);
			runOnlyForDeploymentPostprocessing = 0;
		};
/* End PBXSourcesBuildPhase section */

/* Begin PBXTargetDependency section */
		DD5C3F2C2162141D0088CE4A /* PBXTargetDependency */ = {
			isa = PBXTargetDependency;
			target = DD5C3F0F2162141A0088CE4A /* frumpy */;
			targetProxy = DD5C3F2B2162141D0088CE4A /* PBXContainerItemProxy */;
		};
		DD5C3F372162141D0088CE4A /* PBXTargetDependency */ = {
			isa = PBXTargetDependency;
			target = DD5C3F0F2162141A0088CE4A /* frumpy */;
			targetProxy = DD5C3F362162141D0088CE4A /* PBXContainerItemProxy */;
		};
/* End PBXTargetDependency section */

/* Begin PBXVariantGroup section */
		DD5C3F1D2162141B0088CE4A /* Main.storyboard */ = {
			isa = PBXVariantGroup;
			children = (
				DD5C3F1E2162141B0088CE4A /* Base */,
			);
			name = Main.storyboard;
			sourceTree = "<group>";
		};
		DD5C3F222162141D0088CE4A /* LaunchScreen.storyboard */ = {
			isa = PBXVariantGroup;
			children = (
				DD5C3F232162141D0088CE4A /* Base */,
			);
			name = LaunchScreen.storyboard;
			sourceTree = "<group>";
		};
/* End PBXVariantGroup section */

/* Begin XCBuildConfiguration section */
		DD5C3F3C2162141D0088CE4A /* Debug */ = {
			isa = XCBuildConfiguration;
			buildSettings = {
				ALWAYS_SEARCH_USER_PATHS = NO;
				CLANG_ANALYZER_NONNULL = YES;
				CLANG_ANALYZER_NUMBER_OBJECT_CONVERSION = YES_AGGRESSIVE;
				CLANG_CXX_LANGUAGE_STANDARD = "gnu++14";
				CLANG_CXX_LIBRARY = "libc++";
				CLANG_ENABLE_MODULES = YES;
				CLANG_ENABLE_OBJC_ARC = YES;
				CLANG_ENABLE_OBJC_WEAK = YES;
				CLANG_WARN_BLOCK_CAPTURE_AUTORELEASING = YES;
				CLANG_WARN_BOOL_CONVERSION = YES;
				CLANG_WARN_COMMA = YES;
				CLANG_WARN_CONSTANT_CONVERSION = YES;
				CLANG_WARN_DEPRECATED_OBJC_IMPLEMENTATIONS = YES;
				CLANG_WARN_DIRECT_OBJC_ISA_USAGE = YES_ERROR;
				CLANG_WARN_DOCUMENTATION_COMMENTS = YES;
				CLANG_WARN_EMPTY_BODY = YES;
				CLANG_WARN_ENUM_CONVERSION = YES;
				CLANG_WARN_INFINITE_RECURSION = YES;
				CLANG_WARN_INT_CONVERSION = YES;
				CLANG_WARN_NON_LITERAL_NULL_CONVERSION = YES;
				CLANG_WARN_OBJC_IMPLICIT_RETAIN_SELF = YES;
				CLANG_WARN_OBJC_LITERAL_CONVERSION = YES;
				CLANG_WARN_OBJC_ROOT_CLASS = YES_ERROR;
				CLANG_WARN_RANGE_LOOP_ANALYSIS = YES;
				CLANG_WARN_STRICT_PROTOTYPES = YES;
				CLANG_WARN_SUSPICIOUS_MOVE = YES;
				CLANG_WARN_UNGUARDED_AVAILABILITY = YES_AGGRESSIVE;
				CLANG_WARN_UNREACHABLE_CODE = YES;
				CLANG_WARN__DUPLICATE_METHOD_MATCH = YES;
				CODE_SIGN_IDENTITY = "iPhone Developer";
				COPY_PHASE_STRIP = NO;
				DEBUG_INFORMATION_FORMAT = dwarf;
				ENABLE_STRICT_OBJC_MSGSEND = YES;
				ENABLE_TESTABILITY = YES;
				GCC_C_LANGUAGE_STANDARD = gnu11;
				GCC_DYNAMIC_NO_PIC = NO;
				GCC_NO_COMMON_BLOCKS = YES;
				GCC_OPTIMIZATION_LEVEL = 0;
				GCC_PREPROCESSOR_DEFINITIONS = (
					"DEBUG=1",
					"$(inherited)",
				);
				GCC_WARN_64_TO_32_BIT_CONVERSION = YES;
				GCC_WARN_ABOUT_RETURN_TYPE = YES_ERROR;
				GCC_WARN_UNDECLARED_SELECTOR = YES;
				GCC_WARN_UNINITIALIZED_AUTOS = YES_AGGRESSIVE;
				GCC_WARN_UNUSED_FUNCTION = YES;
				GCC_WARN_UNUSED_VARIABLE = YES;
				IPHONEOS_DEPLOYMENT_TARGET = 11.4;
				MTL_ENABLE_DEBUG_INFO = YES;
				ONLY_ACTIVE_ARCH = YES;
				SDKROOT = iphoneos;
				SWIFT_ACTIVE_COMPILATION_CONDITIONS = DEBUG;
				SWIFT_OPTIMIZATION_LEVEL = "-Onone";
			};
			name = Debug;
		};
		DD5C3F3D2162141D0088CE4A /* Release */ = {
			isa = XCBuildConfiguration;
			buildSettings = {
				ALWAYS_SEARCH_USER_PATHS = NO;
				CLANG_ANALYZER_NONNULL = YES;
				CLANG_ANALYZER_NUMBER_OBJECT_CONVERSION = YES_AGGRESSIVE;
				CLANG_CXX_LANGUAGE_STANDARD = "gnu++14";
				CLANG_CXX_LIBRARY = "libc++";
				CLANG_ENABLE_MODULES = YES;
				CLANG_ENABLE_OBJC_ARC = YES;
				CLANG_ENABLE_OBJC_WEAK = YES;
				CLANG_WARN_BLOCK_CAPTURE_AUTORELEASING = YES;
				CLANG_WARN_BOOL_CONVERSION = YES;
				CLANG_WARN_COMMA = YES;
				CLANG_WARN_CONSTANT_CONVERSION = YES;
				CLANG_WARN_DEPRECATED_OBJC_IMPLEMENTATIONS = YES;
				CLANG_WARN_DIRECT_OBJC_ISA_USAGE = YES_ERROR;
				CLANG_WARN_DOCUMENTATION_COMMENTS = YES;
				CLANG_WARN_EMPTY_BODY = YES;
				CLANG_WARN_ENUM_CONVERSION = YES;
				CLANG_WARN_INFINITE_RECURSION = YES;
				CLANG_WARN_INT_CONVERSION = YES;
				CLANG_WARN_NON_LITERAL_NULL_CONVERSION = YES;
				CLANG_WARN_OBJC_IMPLICIT_RETAIN_SELF = YES;
				CLANG_WARN_OBJC_LITERAL_CONVERSION = YES;
				CLANG_WARN_OBJC_ROOT_CLASS = YES_ERROR;
				CLANG_WARN_RANGE_LOOP_ANALYSIS = YES;
				CLANG_WARN_STRICT_PROTOTYPES = YES;
				CLANG_WARN_SUSPICIOUS_MOVE = YES;
				CLANG_WARN_UNGUARDED_AVAILABILITY = YES_AGGRESSIVE;
				CLANG_WARN_UNREACHABLE_CODE = YES;
				CLANG_WARN__DUPLICATE_METHOD_MATCH = YES;
				CODE_SIGN_IDENTITY = "iPhone Developer";
				COPY_PHASE_STRIP = NO;
				DEBUG_INFORMATION_FORMAT = "dwarf-with-dsym";
				ENABLE_NS_ASSERTIONS = NO;
				ENABLE_STRICT_OBJC_MSGSEND = YES;
				GCC_C_LANGUAGE_STANDARD = gnu11;
				GCC_NO_COMMON_BLOCKS = YES;
				GCC_WARN_64_TO_32_BIT_CONVERSION = YES;
				GCC_WARN_ABOUT_RETURN_TYPE = YES_ERROR;
				GCC_WARN_UNDECLARED_SELECTOR = YES;
				GCC_WARN_UNINITIALIZED_AUTOS = YES_AGGRESSIVE;
				GCC_WARN_UNUSED_FUNCTION = YES;
				GCC_WARN_UNUSED_VARIABLE = YES;
				IPHONEOS_DEPLOYMENT_TARGET = 11.4;
				MTL_ENABLE_DEBUG_INFO = NO;
				SDKROOT = iphoneos;
				SWIFT_COMPILATION_MODE = wholemodule;
				SWIFT_OPTIMIZATION_LEVEL = "-O";
				VALIDATE_PRODUCT = YES;
			};
			name = Release;
		};
		DD5C3F3F2162141D0088CE4A /* Debug */ = {
			isa = XCBuildConfiguration;
			baseConfigurationReference = 700B5DE1305A55660A979560 /* Pods-frumpy.debug.xcconfig */;
			buildSettings = {
				ASSETCATALOG_COMPILER_APPICON_NAME = AppIcon;
				CODE_SIGN_IDENTITY = "iPhone Developer";
				CODE_SIGN_STYLE = Automatic;
				DEVELOPMENT_TEAM = QN7Q5658DV;
				INFOPLIST_FILE = frumpy/Info.plist;
				IPHONEOS_DEPLOYMENT_TARGET = 10.0;
				LD_RUNPATH_SEARCH_PATHS = (
					"$(inherited)",
					"@executable_path/Frameworks",
				);
				PRODUCT_BUNDLE_IDENTIFIER = com.sourceempire.frumpy;
				PRODUCT_NAME = "$(TARGET_NAME)";
				PROVISIONING_PROFILE_SPECIFIER = "";
				SWIFT_VERSION = 4.0;
				TARGETED_DEVICE_FAMILY = "1,2";
			};
			name = Debug;
		};
		DD5C3F402162141D0088CE4A /* Release */ = {
			isa = XCBuildConfiguration;
			baseConfigurationReference = D813F0E3D6E5C02AD284E305 /* Pods-frumpy.release.xcconfig */;
			buildSettings = {
				ASSETCATALOG_COMPILER_APPICON_NAME = AppIcon;
				CODE_SIGN_IDENTITY = "iPhone Developer";
				CODE_SIGN_STYLE = Automatic;
				DEVELOPMENT_TEAM = QN7Q5658DV;
				INFOPLIST_FILE = frumpy/Info.plist;
				IPHONEOS_DEPLOYMENT_TARGET = 10.0;
				LD_RUNPATH_SEARCH_PATHS = (
					"$(inherited)",
					"@executable_path/Frameworks",
				);
				PRODUCT_BUNDLE_IDENTIFIER = com.sourceempire.frumpy;
				PRODUCT_NAME = "$(TARGET_NAME)";
				PROVISIONING_PROFILE_SPECIFIER = "";
				SWIFT_VERSION = 4.0;
				TARGETED_DEVICE_FAMILY = "1,2";
			};
			name = Release;
		};
		DD5C3F422162141D0088CE4A /* Debug */ = {
			isa = XCBuildConfiguration;
			baseConfigurationReference = A8A7DBFD40046BC50BF8F28D /* Pods-frumpyTests.debug.xcconfig */;
			buildSettings = {
				ALWAYS_EMBED_SWIFT_STANDARD_LIBRARIES = YES;
				BUNDLE_LOADER = "$(TEST_HOST)";
				CODE_SIGN_IDENTITY = "iPhone Developer";
				CODE_SIGN_STYLE = Automatic;
				DEVELOPMENT_TEAM = 2Q44DLZM2N;
				INFOPLIST_FILE = frumpyTests/Info.plist;
				LD_RUNPATH_SEARCH_PATHS = (
					"$(inherited)",
					"@executable_path/Frameworks",
					"@loader_path/Frameworks",
				);
				PRODUCT_BUNDLE_IDENTIFIER = "com.source-empire.frumpyTests";
				PRODUCT_NAME = "$(TARGET_NAME)";
				PROVISIONING_PROFILE_SPECIFIER = "";
				SWIFT_VERSION = 4.0;
				TARGETED_DEVICE_FAMILY = "1,2";
				TEST_HOST = "$(BUILT_PRODUCTS_DIR)/frumpy.app/frumpy";
			};
			name = Debug;
		};
		DD5C3F432162141D0088CE4A /* Release */ = {
			isa = XCBuildConfiguration;
			baseConfigurationReference = 1639BE06A00C75E17F4100E5 /* Pods-frumpyTests.release.xcconfig */;
			buildSettings = {
				ALWAYS_EMBED_SWIFT_STANDARD_LIBRARIES = YES;
				BUNDLE_LOADER = "$(TEST_HOST)";
				CODE_SIGN_IDENTITY = "iPhone Developer";
				CODE_SIGN_STYLE = Automatic;
				DEVELOPMENT_TEAM = 2Q44DLZM2N;
				INFOPLIST_FILE = frumpyTests/Info.plist;
				LD_RUNPATH_SEARCH_PATHS = (
					"$(inherited)",
					"@executable_path/Frameworks",
					"@loader_path/Frameworks",
				);
				PRODUCT_BUNDLE_IDENTIFIER = "com.source-empire.frumpyTests";
				PRODUCT_NAME = "$(TARGET_NAME)";
				PROVISIONING_PROFILE_SPECIFIER = "";
				SWIFT_VERSION = 4.0;
				TARGETED_DEVICE_FAMILY = "1,2";
				TEST_HOST = "$(BUILT_PRODUCTS_DIR)/frumpy.app/frumpy";
			};
			name = Release;
		};
		DD5C3F452162141D0088CE4A /* Debug */ = {
			isa = XCBuildConfiguration;
			baseConfigurationReference = DA29BA99588CB5044FBAA64D /* Pods-frumpyUITests.debug.xcconfig */;
			buildSettings = {
				ALWAYS_EMBED_SWIFT_STANDARD_LIBRARIES = YES;
				CODE_SIGN_IDENTITY = "iPhone Developer";
				CODE_SIGN_STYLE = Automatic;
				DEVELOPMENT_TEAM = 2Q44DLZM2N;
				INFOPLIST_FILE = frumpyUITests/Info.plist;
				LD_RUNPATH_SEARCH_PATHS = (
					"$(inherited)",
					"@executable_path/Frameworks",
					"@loader_path/Frameworks",
				);
				PRODUCT_BUNDLE_IDENTIFIER = "com.source-empire.frumpyUITests";
				PRODUCT_NAME = "$(TARGET_NAME)";
				PROVISIONING_PROFILE_SPECIFIER = "";
				SWIFT_VERSION = 4.0;
				TARGETED_DEVICE_FAMILY = "1,2";
				TEST_TARGET_NAME = frumpy;
			};
			name = Debug;
		};
		DD5C3F462162141D0088CE4A /* Release */ = {
			isa = XCBuildConfiguration;
			baseConfigurationReference = 0A2F0A6808FB13C3A6F8C341 /* Pods-frumpyUITests.release.xcconfig */;
			buildSettings = {
				ALWAYS_EMBED_SWIFT_STANDARD_LIBRARIES = YES;
				CODE_SIGN_IDENTITY = "iPhone Developer";
				CODE_SIGN_STYLE = Automatic;
				DEVELOPMENT_TEAM = 2Q44DLZM2N;
				INFOPLIST_FILE = frumpyUITests/Info.plist;
				LD_RUNPATH_SEARCH_PATHS = (
					"$(inherited)",
					"@executable_path/Frameworks",
					"@loader_path/Frameworks",
				);
				PRODUCT_BUNDLE_IDENTIFIER = "com.source-empire.frumpyUITests";
				PRODUCT_NAME = "$(TARGET_NAME)";
				PROVISIONING_PROFILE_SPECIFIER = "";
				SWIFT_VERSION = 4.0;
				TARGETED_DEVICE_FAMILY = "1,2";
				TEST_TARGET_NAME = frumpy;
			};
			name = Release;
		};
/* End XCBuildConfiguration section */

/* Begin XCConfigurationList section */
		DD5C3F0B2162141A0088CE4A /* Build configuration list for PBXProject "frumpy" */ = {
			isa = XCConfigurationList;
			buildConfigurations = (
				DD5C3F3C2162141D0088CE4A /* Debug */,
				DD5C3F3D2162141D0088CE4A /* Release */,
			);
			defaultConfigurationIsVisible = 0;
			defaultConfigurationName = Release;
		};
		DD5C3F3E2162141D0088CE4A /* Build configuration list for PBXNativeTarget "frumpy" */ = {
			isa = XCConfigurationList;
			buildConfigurations = (
				DD5C3F3F2162141D0088CE4A /* Debug */,
				DD5C3F402162141D0088CE4A /* Release */,
			);
			defaultConfigurationIsVisible = 0;
			defaultConfigurationName = Release;
		};
		DD5C3F412162141D0088CE4A /* Build configuration list for PBXNativeTarget "frumpyTests" */ = {
			isa = XCConfigurationList;
			buildConfigurations = (
				DD5C3F422162141D0088CE4A /* Debug */,
				DD5C3F432162141D0088CE4A /* Release */,
			);
			defaultConfigurationIsVisible = 0;
			defaultConfigurationName = Release;
		};
		DD5C3F442162141D0088CE4A /* Build configuration list for PBXNativeTarget "frumpyUITests" */ = {
			isa = XCConfigurationList;
			buildConfigurations = (
				DD5C3F452162141D0088CE4A /* Debug */,
				DD5C3F462162141D0088CE4A /* Release */,
			);
			defaultConfigurationIsVisible = 0;
			defaultConfigurationName = Release;
		};
/* End XCConfigurationList section */
	};
	rootObject = DD5C3F082162141A0088CE4A /* Project object */;
}
